// !$*UTF8*$!
{
	archiveVersion = 1;
	classes = {
	};
	objectVersion = 55;
	objects = {

/* Begin PBXBuildFile section */
		0731CBEF279DC3B700B1E531 /* AppDelegate.swift in Sources */ = {isa = PBXBuildFile; fileRef = 0731CBEE279DC3B700B1E531 /* AppDelegate.swift */; };
		0731CBF1279DC3B700B1E531 /* SceneDelegate.swift in Sources */ = {isa = PBXBuildFile; fileRef = 0731CBF0279DC3B700B1E531 /* SceneDelegate.swift */; };
		0731CBF3279DC3B700B1E531 /* MainViewController.swift in Sources */ = {isa = PBXBuildFile; fileRef = 0731CBF2279DC3B700B1E531 /* MainViewController.swift */; };
		0731CBF8279DC3B900B1E531 /* Assets.xcassets in Resources */ = {isa = PBXBuildFile; fileRef = 0731CBF7279DC3B900B1E531 /* Assets.xcassets */; };
		0731CBFB279DC3B900B1E531 /* LaunchScreen.storyboard in Resources */ = {isa = PBXBuildFile; fileRef = 0731CBF9279DC3B900B1E531 /* LaunchScreen.storyboard */; };
		0779932327B1A6C5007B18DF /* ProductViewController.swift in Sources */ = {isa = PBXBuildFile; fileRef = 0779932227B1A6C5007B18DF /* ProductViewController.swift */; };
		0779932527B1A6D1007B18DF /* ConsoleViewController.swift in Sources */ = {isa = PBXBuildFile; fileRef = 0779932427B1A6D1007B18DF /* ConsoleViewController.swift */; };
		0779932727B1A6DC007B18DF /* SettingsViewController.swift in Sources */ = {isa = PBXBuildFile; fileRef = 0779932627B1A6DC007B18DF /* SettingsViewController.swift */; };
		0779932A27B1AA3B007B18DF /* UIColor+Additions.swift in Sources */ = {isa = PBXBuildFile; fileRef = 0779932927B1AA3B007B18DF /* UIColor+Additions.swift */; };
/* End PBXBuildFile section */

/* Begin PBXFileReference section */
		0731CBEB279DC3B700B1E531 /* CitadelDemo.app */ = {isa = PBXFileReference; explicitFileType = wrapper.application; includeInIndex = 0; path = CitadelDemo.app; sourceTree = BUILT_PRODUCTS_DIR; };
		0731CBEE279DC3B700B1E531 /* AppDelegate.swift */ = {isa = PBXFileReference; lastKnownFileType = sourcecode.swift; path = AppDelegate.swift; sourceTree = "<group>"; };
		0731CBF0279DC3B700B1E531 /* SceneDelegate.swift */ = {isa = PBXFileReference; lastKnownFileType = sourcecode.swift; path = SceneDelegate.swift; sourceTree = "<group>"; };
		0731CBF2279DC3B700B1E531 /* MainViewController.swift */ = {isa = PBXFileReference; lastKnownFileType = sourcecode.swift; path = MainViewController.swift; sourceTree = "<group>"; };
		0731CBF7279DC3B900B1E531 /* Assets.xcassets */ = {isa = PBXFileReference; lastKnownFileType = folder.assetcatalog; path = Assets.xcassets; sourceTree = "<group>"; };
		0731CBFA279DC3B900B1E531 /* Base */ = {isa = PBXFileReference; lastKnownFileType = file.storyboard; name = Base; path = Base.lproj/LaunchScreen.storyboard; sourceTree = "<group>"; };
		0731CBFC279DC3B900B1E531 /* Info.plist */ = {isa = PBXFileReference; lastKnownFileType = text.plist.xml; path = Info.plist; sourceTree = "<group>"; };
		0779932227B1A6C5007B18DF /* ProductViewController.swift */ = {isa = PBXFileReference; lastKnownFileType = sourcecode.swift; path = ProductViewController.swift; sourceTree = "<group>"; };
		0779932427B1A6D1007B18DF /* ConsoleViewController.swift */ = {isa = PBXFileReference; lastKnownFileType = sourcecode.swift; path = ConsoleViewController.swift; sourceTree = "<group>"; };
		0779932627B1A6DC007B18DF /* SettingsViewController.swift */ = {isa = PBXFileReference; lastKnownFileType = sourcecode.swift; path = SettingsViewController.swift; sourceTree = "<group>"; };
		0779932927B1AA3B007B18DF /* UIColor+Additions.swift */ = {isa = PBXFileReference; lastKnownFileType = sourcecode.swift; path = "UIColor+Additions.swift"; sourceTree = "<group>"; };
/* End PBXFileReference section */

/* Begin PBXFrameworksBuildPhase section */
		0731CBE8279DC3B700B1E531 /* Frameworks */ = {
			isa = PBXFrameworksBuildPhase;
			buildActionMask = 2147483647;
			files = (
			);
			runOnlyForDeploymentPostprocessing = 0;
		};
/* End PBXFrameworksBuildPhase section */

/* Begin PBXGroup section */
		0731CBE2279DC3B700B1E531 = {
			isa = PBXGroup;
			children = (
				0731CBED279DC3B700B1E531 /* CitadelDemo */,
				0731CBEC279DC3B700B1E531 /* Products */,
			);
			sourceTree = "<group>";
		};
		0731CBEC279DC3B700B1E531 /* Products */ = {
			isa = PBXGroup;
			children = (
				0731CBEB279DC3B700B1E531 /* CitadelDemo.app */,
			);
			name = Products;
			sourceTree = "<group>";
		};
		0731CBED279DC3B700B1E531 /* CitadelDemo */ = {
			isa = PBXGroup;
			children = (
				0779931F27B1A61C007B18DF /* Classes */,
				0731CBF7279DC3B900B1E531 /* Assets.xcassets */,
				0731CBF9279DC3B900B1E531 /* LaunchScreen.storyboard */,
				0731CBFC279DC3B900B1E531 /* Info.plist */,
			);
			path = CitadelDemo;
			sourceTree = "<group>";
		};
		0779931F27B1A61C007B18DF /* Classes */ = {
			isa = PBXGroup;
			children = (
				0779932827B1AA2C007B18DF /* Extension */,
				0779932127B1A62B007B18DF /* UserStories */,
				0779932027B1A627007B18DF /* Services */,
				0731CBEE279DC3B700B1E531 /* AppDelegate.swift */,
				0731CBF0279DC3B700B1E531 /* SceneDelegate.swift */,
			);
			path = Classes;
			sourceTree = "<group>";
		};
		0779932027B1A627007B18DF /* Services */ = {
			isa = PBXGroup;
			children = (
			);
			path = Services;
			sourceTree = "<group>";
		};
		0779932127B1A62B007B18DF /* UserStories */ = {
			isa = PBXGroup;
			children = (
				0731CBF2279DC3B700B1E531 /* MainViewController.swift */,
				0779932227B1A6C5007B18DF /* ProductViewController.swift */,
				0779932427B1A6D1007B18DF /* ConsoleViewController.swift */,
				0779932627B1A6DC007B18DF /* SettingsViewController.swift */,
			);
			path = UserStories;
			sourceTree = "<group>";
		};
		0779932827B1AA2C007B18DF /* Extension */ = {
			isa = PBXGroup;
			children = (
				0779932927B1AA3B007B18DF /* UIColor+Additions.swift */,
			);
			path = Extension;
			sourceTree = "<group>";
		};
/* End PBXGroup section */

/* Begin PBXNativeTarget section */
		0731CBEA279DC3B700B1E531 /* CitadelDemo */ = {
			isa = PBXNativeTarget;
			buildConfigurationList = 0731CBFF279DC3B900B1E531 /* Build configuration list for PBXNativeTarget "CitadelDemo" */;
			buildPhases = (
				0731CBE7279DC3B700B1E531 /* Sources */,
				0731CBE8279DC3B700B1E531 /* Frameworks */,
				0731CBE9279DC3B700B1E531 /* Resources */,
			);
			buildRules = (
			);
			dependencies = (
			);
			name = CitadelDemo;
			productName = CitadelDemo;
			productReference = 0731CBEB279DC3B700B1E531 /* CitadelDemo.app */;
			productType = "com.apple.product-type.application";
		};
/* End PBXNativeTarget section */

/* Begin PBXProject section */
		0731CBE3279DC3B700B1E531 /* Project object */ = {
			isa = PBXProject;
			attributes = {
				BuildIndependentTargetsInParallel = 1;
				LastSwiftUpdateCheck = 1320;
				LastUpgradeCheck = 1320;
				TargetAttributes = {
					0731CBEA279DC3B700B1E531 = {
						CreatedOnToolsVersion = 13.2.1;
					};
				};
			};
			buildConfigurationList = 0731CBE6279DC3B700B1E531 /* Build configuration list for PBXProject "CitadelDemo" */;
			compatibilityVersion = "Xcode 13.0";
			developmentRegion = en;
			hasScannedForEncodings = 0;
			knownRegions = (
				en,
				Base,
			);
			mainGroup = 0731CBE2279DC3B700B1E531;
			productRefGroup = 0731CBEC279DC3B700B1E531 /* Products */;
			projectDirPath = "";
			projectRoot = "";
			targets = (
				0731CBEA279DC3B700B1E531 /* CitadelDemo */,
			);
		};
/* End PBXProject section */

/* Begin PBXResourcesBuildPhase section */
		0731CBE9279DC3B700B1E531 /* Resources */ = {
			isa = PBXResourcesBuildPhase;
			buildActionMask = 2147483647;
			files = (
				0731CBFB279DC3B900B1E531 /* LaunchScreen.storyboard in Resources */,
				0731CBF8279DC3B900B1E531 /* Assets.xcassets in Resources */,
			);
			runOnlyForDeploymentPostprocessing = 0;
		};
/* End PBXResourcesBuildPhase section */

/* Begin PBXSourcesBuildPhase section */
		0731CBE7279DC3B700B1E531 /* Sources */ = {
			isa = PBXSourcesBuildPhase;
			buildActionMask = 2147483647;
			files = (
				0731CBF3279DC3B700B1E531 /* MainViewController.swift in Sources */,
				0731CBEF279DC3B700B1E531 /* AppDelegate.swift in Sources */,
				0779932327B1A6C5007B18DF /* ProductViewController.swift in Sources */,
				0779932527B1A6D1007B18DF /* ConsoleViewController.swift in Sources */,
				0731CBF1279DC3B700B1E531 /* SceneDelegate.swift in Sources */,
				0779932727B1A6DC007B18DF /* SettingsViewController.swift in Sources */,
				0779932A27B1AA3B007B18DF /* UIColor+Additions.swift in Sources */,
			);
			runOnlyForDeploymentPostprocessing = 0;
		};
/* End PBXSourcesBuildPhase section */

/* Begin PBXVariantGroup section */
		0731CBF9279DC3B900B1E531 /* LaunchScreen.storyboard */ = {
			isa = PBXVariantGroup;
			children = (
				0731CBFA279DC3B900B1E531 /* Base */,
			);
			name = LaunchScreen.storyboard;
			sourceTree = "<group>";
		};
/* End PBXVariantGroup section */

/* Begin XCBuildConfiguration section */
		0731CBFD279DC3B900B1E531 /* Debug */ = {
			isa = XCBuildConfiguration;
			buildSettings = {
				ALWAYS_SEARCH_USER_PATHS = NO;
				CLANG_ANALYZER_NONNULL = YES;
				CLANG_ANALYZER_NUMBER_OBJECT_CONVERSION = YES_AGGRESSIVE;
				CLANG_CXX_LANGUAGE_STANDARD = "gnu++17";
				CLANG_CXX_LIBRARY = "libc++";
				CLANG_ENABLE_MODULES = YES;
				CLANG_ENABLE_OBJC_ARC = YES;
				CLANG_ENABLE_OBJC_WEAK = YES;
				CLANG_WARN_BLOCK_CAPTURE_AUTORELEASING = YES;
				CLANG_WARN_BOOL_CONVERSION = YES;
				CLANG_WARN_COMMA = YES;
				CLANG_WARN_CONSTANT_CONVERSION = YES;
				CLANG_WARN_DEPRECATED_OBJC_IMPLEMENTATIONS = YES;
				CLANG_WARN_DIRECT_OBJC_ISA_USAGE = YES_ERROR;
				CLANG_WARN_DOCUMENTATION_COMMENTS = YES;
				CLANG_WARN_EMPTY_BODY = YES;
				CLANG_WARN_ENUM_CONVERSION = YES;
				CLANG_WARN_INFINITE_RECURSION = YES;
				CLANG_WARN_INT_CONVERSION = YES;
				CLANG_WARN_NON_LITERAL_NULL_CONVERSION = YES;
				CLANG_WARN_OBJC_IMPLICIT_RETAIN_SELF = YES;
				CLANG_WARN_OBJC_LITERAL_CONVERSION = YES;
				CLANG_WARN_OBJC_ROOT_CLASS = YES_ERROR;
				CLANG_WARN_QUOTED_INCLUDE_IN_FRAMEWORK_HEADER = YES;
				CLANG_WARN_RANGE_LOOP_ANALYSIS = YES;
				CLANG_WARN_STRICT_PROTOTYPES = YES;
				CLANG_WARN_SUSPICIOUS_MOVE = YES;
				CLANG_WARN_UNGUARDED_AVAILABILITY = YES_AGGRESSIVE;
				CLANG_WARN_UNREACHABLE_CODE = YES;
				CLANG_WARN__DUPLICATE_METHOD_MATCH = YES;
				COPY_PHASE_STRIP = NO;
				DEBUG_INFORMATION_FORMAT = dwarf;
				ENABLE_STRICT_OBJC_MSGSEND = YES;
				ENABLE_TESTABILITY = YES;
				GCC_C_LANGUAGE_STANDARD = gnu11;
				GCC_DYNAMIC_NO_PIC = NO;
				GCC_NO_COMMON_BLOCKS = YES;
				GCC_OPTIMIZATION_LEVEL = 0;
				GCC_PREPROCESSOR_DEFINITIONS = (
					"DEBUG=1",
					"$(inherited)",
				);
				GCC_WARN_64_TO_32_BIT_CONVERSION = YES;
				GCC_WARN_ABOUT_RETURN_TYPE = YES_ERROR;
				GCC_WARN_UNDECLARED_SELECTOR = YES;
				GCC_WARN_UNINITIALIZED_AUTOS = YES_AGGRESSIVE;
				GCC_WARN_UNUSED_FUNCTION = YES;
				GCC_WARN_UNUSED_VARIABLE = YES;
				IPHONEOS_DEPLOYMENT_TARGET = 15.2;
				MTL_ENABLE_DEBUG_INFO = INCLUDE_SOURCE;
				MTL_FAST_MATH = YES;
				ONLY_ACTIVE_ARCH = YES;
				SDKROOT = iphoneos;
				SWIFT_ACTIVE_COMPILATION_CONDITIONS = DEBUG;
				SWIFT_OPTIMIZATION_LEVEL = "-Onone";
			};
			name = Debug;
		};
		0731CBFE279DC3B900B1E531 /* Release */ = {
			isa = XCBuildConfiguration;
			buildSettings = {
				ALWAYS_SEARCH_USER_PATHS = NO;
				CLANG_ANALYZER_NONNULL = YES;
				CLANG_ANALYZER_NUMBER_OBJECT_CONVERSION = YES_AGGRESSIVE;
				CLANG_CXX_LANGUAGE_STANDARD = "gnu++17";
				CLANG_CXX_LIBRARY = "libc++";
				CLANG_ENABLE_MODULES = YES;
				CLANG_ENABLE_OBJC_ARC = YES;
				CLANG_ENABLE_OBJC_WEAK = YES;
				CLANG_WARN_BLOCK_CAPTURE_AUTORELEASING = YES;
				CLANG_WARN_BOOL_CONVERSION = YES;
				CLANG_WARN_COMMA = YES;
				CLANG_WARN_CONSTANT_CONVERSION = YES;
				CLANG_WARN_DEPRECATED_OBJC_IMPLEMENTATIONS = YES;
				CLANG_WARN_DIRECT_OBJC_ISA_USAGE = YES_ERROR;
				CLANG_WARN_DOCUMENTATION_COMMENTS = YES;
				CLANG_WARN_EMPTY_BODY = YES;
				CLANG_WARN_ENUM_CONVERSION = YES;
				CLANG_WARN_INFINITE_RECURSION = YES;
				CLANG_WARN_INT_CONVERSION = YES;
				CLANG_WARN_NON_LITERAL_NULL_CONVERSION = YES;
				CLANG_WARN_OBJC_IMPLICIT_RETAIN_SELF = YES;
				CLANG_WARN_OBJC_LITERAL_CONVERSION = YES;
				CLANG_WARN_OBJC_ROOT_CLASS = YES_ERROR;
				CLANG_WARN_QUOTED_INCLUDE_IN_FRAMEWORK_HEADER = YES;
				CLANG_WARN_RANGE_LOOP_ANALYSIS = YES;
				CLANG_WARN_STRICT_PROTOTYPES = YES;
				CLANG_WARN_SUSPICIOUS_MOVE = YES;
				CLANG_WARN_UNGUARDED_AVAILABILITY = YES_AGGRESSIVE;
				CLANG_WARN_UNREACHABLE_CODE = YES;
				CLANG_WARN__DUPLICATE_METHOD_MATCH = YES;
				COPY_PHASE_STRIP = NO;
				DEBUG_INFORMATION_FORMAT = "dwarf-with-dsym";
				ENABLE_NS_ASSERTIONS = NO;
				ENABLE_STRICT_OBJC_MSGSEND = YES;
				GCC_C_LANGUAGE_STANDARD = gnu11;
				GCC_NO_COMMON_BLOCKS = YES;
				GCC_WARN_64_TO_32_BIT_CONVERSION = YES;
				GCC_WARN_ABOUT_RETURN_TYPE = YES_ERROR;
				GCC_WARN_UNDECLARED_SELECTOR = YES;
				GCC_WARN_UNINITIALIZED_AUTOS = YES_AGGRESSIVE;
				GCC_WARN_UNUSED_FUNCTION = YES;
				GCC_WARN_UNUSED_VARIABLE = YES;
				IPHONEOS_DEPLOYMENT_TARGET = 15.2;
				MTL_ENABLE_DEBUG_INFO = NO;
				MTL_FAST_MATH = YES;
				SDKROOT = iphoneos;
				SWIFT_COMPILATION_MODE = wholemodule;
				SWIFT_OPTIMIZATION_LEVEL = "-O";
				VALIDATE_PRODUCT = YES;
			};
			name = Release;
		};
		0731CC00279DC3B900B1E531 /* Debug */ = {
			isa = XCBuildConfiguration;
			buildSettings = {
				ASSETCATALOG_COMPILER_APPICON_NAME = AppIcon;
				ASSETCATALOG_COMPILER_GLOBAL_ACCENT_COLOR_NAME = AccentColor;
				CODE_SIGN_STYLE = Automatic;
				CURRENT_PROJECT_VERSION = 1;
				GENERATE_INFOPLIST_FILE = YES;
				INFOPLIST_FILE = CitadelDemo/Info.plist;
				INFOPLIST_KEY_UIApplicationSupportsIndirectInputEvents = YES;
				INFOPLIST_KEY_UILaunchStoryboardName = LaunchScreen;
				INFOPLIST_KEY_UISupportedInterfaceOrientations_iPad = "UIInterfaceOrientationPortrait UIInterfaceOrientationPortraitUpsideDown UIInterfaceOrientationLandscapeLeft UIInterfaceOrientationLandscapeRight";
				INFOPLIST_KEY_UISupportedInterfaceOrientations_iPhone = "UIInterfaceOrientationPortrait UIInterfaceOrientationLandscapeLeft UIInterfaceOrientationLandscapeRight";
				IPHONEOS_DEPLOYMENT_TARGET = 13.0;
				LD_RUNPATH_SEARCH_PATHS = (
					"$(inherited)",
					"@executable_path/Frameworks",
				);
				MARKETING_VERSION = 1.0;
				PRODUCT_BUNDLE_IDENTIFIER = com.citadel.CitadelDemo;
				PRODUCT_NAME = "$(TARGET_NAME)";
				SWIFT_EMIT_LOC_STRINGS = YES;
				SWIFT_VERSION = 5.0;
				TARGETED_DEVICE_FAMILY = "1,2";
			};
			name = Debug;
		};
		0731CC01279DC3B900B1E531 /* Release */ = {
			isa = XCBuildConfiguration;
			buildSettings = {
				ASSETCATALOG_COMPILER_APPICON_NAME = AppIcon;
				ASSETCATALOG_COMPILER_GLOBAL_ACCENT_COLOR_NAME = AccentColor;
				CODE_SIGN_STYLE = Automatic;
				CURRENT_PROJECT_VERSION = 1;
				GENERATE_INFOPLIST_FILE = YES;
				INFOPLIST_FILE = CitadelDemo/Info.plist;
				INFOPLIST_KEY_UIApplicationSupportsIndirectInputEvents = YES;
				INFOPLIST_KEY_UILaunchStoryboardName = LaunchScreen;
				INFOPLIST_KEY_UISupportedInterfaceOrientations_iPad = "UIInterfaceOrientationPortrait UIInterfaceOrientationPortraitUpsideDown UIInterfaceOrientationLandscapeLeft UIInterfaceOrientationLandscapeRight";
				INFOPLIST_KEY_UISupportedInterfaceOrientations_iPhone = "UIInterfaceOrientationPortrait UIInterfaceOrientationLandscapeLeft UIInterfaceOrientationLandscapeRight";
				IPHONEOS_DEPLOYMENT_TARGET = 13.0;
				LD_RUNPATH_SEARCH_PATHS = (
					"$(inherited)",
					"@executable_path/Frameworks",
				);
				MARKETING_VERSION = 1.0;
				PRODUCT_BUNDLE_IDENTIFIER = com.citadel.CitadelDemo;
				PRODUCT_NAME = "$(TARGET_NAME)";
				SWIFT_EMIT_LOC_STRINGS = YES;
				SWIFT_VERSION = 5.0;
				TARGETED_DEVICE_FAMILY = "1,2";
			};
			name = Release;
		};
/* End XCBuildConfiguration section */

/* Begin XCConfigurationList section */
		0731CBE6279DC3B700B1E531 /* Build configuration list for PBXProject "CitadelDemo" */ = {
			isa = XCConfigurationList;
			buildConfigurations = (
				0731CBFD279DC3B900B1E531 /* Debug */,
				0731CBFE279DC3B900B1E531 /* Release */,
			);
			defaultConfigurationIsVisible = 0;
			defaultConfigurationName = Release;
		};
		0731CBFF279DC3B900B1E531 /* Build configuration list for PBXNativeTarget "CitadelDemo" */ = {
			isa = XCConfigurationList;
			buildConfigurations = (
				0731CC00279DC3B900B1E531 /* Debug */,
				0731CC01279DC3B900B1E531 /* Release */,
			);
			defaultConfigurationIsVisible = 0;
			defaultConfigurationName = Release;
		};
/* End XCConfigurationList section */
	};
	rootObject = 0731CBE3279DC3B700B1E531 /* Project object */;
}
