// !$*UTF8*$!
{
	archiveVersion = 1;
	classes = {
	};
	objectVersion = 55;
	objects = {

/* Begin PBXBuildFile section */
		0731CBEF279DC3B700B1E531 /* AppDelegate.swift in Sources */ = {isa = PBXBuildFile; fileRef = 0731CBEE279DC3B700B1E531 /* AppDelegate.swift */; };
		0731CBF1279DC3B700B1E531 /* SceneDelegate.swift in Sources */ = {isa = PBXBuildFile; fileRef = 0731CBF0279DC3B700B1E531 /* SceneDelegate.swift */; };
		0731CBF3279DC3B700B1E531 /* MainViewController.swift in Sources */ = {isa = PBXBuildFile; fileRef = 0731CBF2279DC3B700B1E531 /* MainViewController.swift */; };
		0731CBF8279DC3B900B1E531 /* Assets.xcassets in Resources */ = {isa = PBXBuildFile; fileRef = 0731CBF7279DC3B900B1E531 /* Assets.xcassets */; };
		0731CBFB279DC3B900B1E531 /* LaunchScreen.storyboard in Resources */ = {isa = PBXBuildFile; fileRef = 0731CBF9279DC3B900B1E531 /* LaunchScreen.storyboard */; };
		0779932327B1A6C5007B18DF /* ProductViewController.swift in Sources */ = {isa = PBXBuildFile; fileRef = 0779932227B1A6C5007B18DF /* ProductViewController.swift */; };
		0779932527B1A6D1007B18DF /* ConsoleViewController.swift in Sources */ = {isa = PBXBuildFile; fileRef = 0779932427B1A6D1007B18DF /* ConsoleViewController.swift */; };
		0779932727B1A6DC007B18DF /* SettingsViewController.swift in Sources */ = {isa = PBXBuildFile; fileRef = 0779932627B1A6DC007B18DF /* SettingsViewController.swift */; };
		0779932A27B1AA3B007B18DF /* UIColor+Additions.swift in Sources */ = {isa = PBXBuildFile; fileRef = 0779932927B1AA3B007B18DF /* UIColor+Additions.swift */; };
		0779933027B1B068007B18DF /* ProductType.swift in Sources */ = {isa = PBXBuildFile; fileRef = 0779932F27B1B068007B18DF /* ProductType.swift */; };
		0779933227B1B1BD007B18DF /* Product.swift in Sources */ = {isa = PBXBuildFile; fileRef = 0779933127B1B1BD007B18DF /* Product.swift */; };
		0779933427B2D165007B18DF /* MenuTableViewCell.swift in Sources */ = {isa = PBXBuildFile; fileRef = 0779933327B2D165007B18DF /* MenuTableViewCell.swift */; };
		0779933627B2D340007B18DF /* SettingsCellViewModel.swift in Sources */ = {isa = PBXBuildFile; fileRef = 0779933527B2D340007B18DF /* SettingsCellViewModel.swift */; };
		0779933927B2D567007B18DF /* ProductViewModelsFactory.swift in Sources */ = {isa = PBXBuildFile; fileRef = 0779933827B2D567007B18DF /* ProductViewModelsFactory.swift */; };
		0779933D27B43147007B18DF /* EditSettingViewController.swift in Sources */ = {isa = PBXBuildFile; fileRef = 0779933C27B43147007B18DF /* EditSettingViewController.swift */; };
		0779933F27B459A1007B18DF /* UITapGestureRecognizer+Additions.swift in Sources */ = {isa = PBXBuildFile; fileRef = 0779933E27B459A1007B18DF /* UITapGestureRecognizer+Additions.swift */; };
		0779934127B45D9B007B18DF /* ProductSetting.swift in Sources */ = {isa = PBXBuildFile; fileRef = 0779934027B45D9B007B18DF /* ProductSetting.swift */; };
		0779934427B5023F007B18DF /* Strings.swift in Sources */ = {isa = PBXBuildFile; fileRef = 0779934327B5023F007B18DF /* Strings.swift */; };
		0779934627B53598007B18DF /* SettingsPickerView.swift in Sources */ = {isa = PBXBuildFile; fileRef = 0779934527B53598007B18DF /* SettingsPickerView.swift */; };
		0779934A27B55380007B18DF /* AppState.swift in Sources */ = {isa = PBXBuildFile; fileRef = 0779934927B55380007B18DF /* AppState.swift */; };
		0779934D27B55CD4007B18DF /* Environment.swift in Sources */ = {isa = PBXBuildFile; fileRef = 0779934C27B55CD4007B18DF /* Environment.swift */; };
		0779934F27B55DB7007B18DF /* Settings.swift in Sources */ = {isa = PBXBuildFile; fileRef = 0779934E27B55DB7007B18DF /* Settings.swift */; };
		0779935327B56248007B18DF /* KeychainManager.swift in Sources */ = {isa = PBXBuildFile; fileRef = 0779935227B56248007B18DF /* KeychainManager.swift */; };
		0779935927B82961007B18DF /* BridgeTokenRequest.swift in Sources */ = {isa = PBXBuildFile; fileRef = 0779935827B82961007B18DF /* BridgeTokenRequest.swift */; };
		0779935B27B85878007B18DF /* Encodable+JSON.swift in Sources */ = {isa = PBXBuildFile; fileRef = 0779935A27B85878007B18DF /* Encodable+JSON.swift */; };
		0779935D27B85F7B007B18DF /* NetworkService.swift in Sources */ = {isa = PBXBuildFile; fileRef = 0779935C27B85F7B007B18DF /* NetworkService.swift */; };
		0779936027B861E8007B18DF /* BridgeTokenResponse.swift in Sources */ = {isa = PBXBuildFile; fileRef = 0779935F27B861E8007B18DF /* BridgeTokenResponse.swift */; };
		0779936527BE65EF007B18DF /* TruvScriptMessageHandler.swift in Sources */ = {isa = PBXBuildFile; fileRef = 0779936427BE65EF007B18DF /* TruvScriptMessageHandler.swift */; };
		0779936727BE67E5007B18DF /* Notification+Additions.swift in Sources */ = {isa = PBXBuildFile; fileRef = 0779936627BE67E5007B18DF /* Notification+Additions.swift */; };
		2882A29029A57DC1006DD1EE /* CreateUserRequest.swift in Sources */ = {isa = PBXBuildFile; fileRef = 2882A28F29A57DC1006DD1EE /* CreateUserRequest.swift */; };
		2882A29229A57E0E006DD1EE /* CreateUserResponse.swift in Sources */ = {isa = PBXBuildFile; fileRef = 2882A29129A57E0E006DD1EE /* CreateUserResponse.swift */; };
		A7090D062B56DB4D003278BC /* TruvSDK in Frameworks */ = {isa = PBXBuildFile; productRef = A7090D052B56DB4D003278BC /* TruvSDK */; };
		A7090D092B56E76D003278BC /* TruvSDK in Frameworks */ = {isa = PBXBuildFile; productRef = A7090D082B56E76D003278BC /* TruvSDK */; };
		A721E1F72B7A9E7B00591E2F /* AddNewSettingView.swift in Sources */ = {isa = PBXBuildFile; fileRef = A721E1F62B7A9E7B00591E2F /* AddNewSettingView.swift */; };
		A721E1FA2B7AA22600591E2F /* SettingsHostingController.swift in Sources */ = {isa = PBXBuildFile; fileRef = A721E1F92B7AA22600591E2F /* SettingsHostingController.swift */; };
		A721E1FC2B7AA60200591E2F /* AddNewSettingHostingController.swift in Sources */ = {isa = PBXBuildFile; fileRef = A721E1FB2B7AA60200591E2F /* AddNewSettingHostingController.swift */; };
		A721E1FE2B7AA60900591E2F /* AddNewSettingViewModel.swift in Sources */ = {isa = PBXBuildFile; fileRef = A721E1FD2B7AA60900591E2F /* AddNewSettingViewModel.swift */; };
		A721E2012B7ABB9400591E2F /* ProfileSelectionView.swift in Sources */ = {isa = PBXBuildFile; fileRef = A721E2002B7ABB9400591E2F /* ProfileSelectionView.swift */; };
		A7304F292B3F6426003A6B85 /* TruvSDK in Frameworks */ = {isa = PBXBuildFile; productRef = A7304F282B3F6426003A6B85 /* TruvSDK */; };
		A7304F2C2B3F6523003A6B85 /* TruvSDK in Frameworks */ = {isa = PBXBuildFile; productRef = A7304F2B2B3F6523003A6B85 /* TruvSDK */; };
		A73B0C672BE53A860020CA0F /* TruvSDK in Frameworks */ = {isa = PBXBuildFile; productRef = A73B0C662BE53A860020CA0F /* TruvSDK */; };
		A76C52032B7923FC00E50468 /* SettingsProfileSelectionView.swift in Sources */ = {isa = PBXBuildFile; fileRef = A76C52022B7923FC00E50468 /* SettingsProfileSelectionView.swift */; };
		A76C52052B792DEF00E50468 /* SettingsView.swift in Sources */ = {isa = PBXBuildFile; fileRef = A76C52042B792DEF00E50468 /* SettingsView.swift */; };
		A76C52082B792F1B00E50468 /* SettingsViewModel.swift in Sources */ = {isa = PBXBuildFile; fileRef = A76C52072B792F1B00E50468 /* SettingsViewModel.swift */; };
		A780C0E82BE100C300D0B38B /* TruvSDK in Frameworks */ = {isa = PBXBuildFile; productRef = A780C0E72BE100C300D0B38B /* TruvSDK */; };
		A7E1327E2B5AF1050078C01E /* TruvSDK in Frameworks */ = {isa = PBXBuildFile; productRef = A7E1327D2B5AF1050078C01E /* TruvSDK */; };
/* End PBXBuildFile section */

/* Begin PBXFileReference section */
		0731CBEB279DC3B700B1E531 /* Truv Demo.app */ = {isa = PBXFileReference; explicitFileType = wrapper.application; includeInIndex = 0; path = "Truv Demo.app"; sourceTree = BUILT_PRODUCTS_DIR; };
		0731CBEE279DC3B700B1E531 /* AppDelegate.swift */ = {isa = PBXFileReference; lastKnownFileType = sourcecode.swift; path = AppDelegate.swift; sourceTree = "<group>"; };
		0731CBF0279DC3B700B1E531 /* SceneDelegate.swift */ = {isa = PBXFileReference; lastKnownFileType = sourcecode.swift; path = SceneDelegate.swift; sourceTree = "<group>"; };
		0731CBF2279DC3B700B1E531 /* MainViewController.swift */ = {isa = PBXFileReference; lastKnownFileType = sourcecode.swift; path = MainViewController.swift; sourceTree = "<group>"; };
		0731CBF7279DC3B900B1E531 /* Assets.xcassets */ = {isa = PBXFileReference; lastKnownFileType = folder.assetcatalog; path = Assets.xcassets; sourceTree = "<group>"; };
		0731CBFA279DC3B900B1E531 /* Base */ = {isa = PBXFileReference; lastKnownFileType = file.storyboard; name = Base; path = Base.lproj/LaunchScreen.storyboard; sourceTree = "<group>"; };
		0731CBFC279DC3B900B1E531 /* Info.plist */ = {isa = PBXFileReference; lastKnownFileType = text.plist.xml; path = Info.plist; sourceTree = "<group>"; };
		0779932227B1A6C5007B18DF /* ProductViewController.swift */ = {isa = PBXFileReference; lastKnownFileType = sourcecode.swift; path = ProductViewController.swift; sourceTree = "<group>"; };
		0779932427B1A6D1007B18DF /* ConsoleViewController.swift */ = {isa = PBXFileReference; lastKnownFileType = sourcecode.swift; path = ConsoleViewController.swift; sourceTree = "<group>"; };
		0779932627B1A6DC007B18DF /* SettingsViewController.swift */ = {isa = PBXFileReference; lastKnownFileType = sourcecode.swift; path = SettingsViewController.swift; sourceTree = "<group>"; };
		0779932927B1AA3B007B18DF /* UIColor+Additions.swift */ = {isa = PBXFileReference; lastKnownFileType = sourcecode.swift; path = "UIColor+Additions.swift"; sourceTree = "<group>"; };
		0779932F27B1B068007B18DF /* ProductType.swift */ = {isa = PBXFileReference; lastKnownFileType = sourcecode.swift; path = ProductType.swift; sourceTree = "<group>"; };
		0779933127B1B1BD007B18DF /* Product.swift */ = {isa = PBXFileReference; lastKnownFileType = sourcecode.swift; path = Product.swift; sourceTree = "<group>"; };
		0779933327B2D165007B18DF /* MenuTableViewCell.swift */ = {isa = PBXFileReference; lastKnownFileType = sourcecode.swift; path = MenuTableViewCell.swift; sourceTree = "<group>"; };
		0779933527B2D340007B18DF /* SettingsCellViewModel.swift */ = {isa = PBXFileReference; lastKnownFileType = sourcecode.swift; path = SettingsCellViewModel.swift; sourceTree = "<group>"; };
		0779933827B2D567007B18DF /* ProductViewModelsFactory.swift */ = {isa = PBXFileReference; lastKnownFileType = sourcecode.swift; path = ProductViewModelsFactory.swift; sourceTree = "<group>"; };
		0779933C27B43147007B18DF /* EditSettingViewController.swift */ = {isa = PBXFileReference; lastKnownFileType = sourcecode.swift; path = EditSettingViewController.swift; sourceTree = "<group>"; };
		0779933E27B459A1007B18DF /* UITapGestureRecognizer+Additions.swift */ = {isa = PBXFileReference; lastKnownFileType = sourcecode.swift; path = "UITapGestureRecognizer+Additions.swift"; sourceTree = "<group>"; };
		0779934027B45D9B007B18DF /* ProductSetting.swift */ = {isa = PBXFileReference; lastKnownFileType = sourcecode.swift; path = ProductSetting.swift; sourceTree = "<group>"; };
		0779934327B5023F007B18DF /* Strings.swift */ = {isa = PBXFileReference; lastKnownFileType = sourcecode.swift; path = Strings.swift; sourceTree = "<group>"; };
		0779934527B53598007B18DF /* SettingsPickerView.swift */ = {isa = PBXFileReference; fileEncoding = 4; lastKnownFileType = sourcecode.swift; path = SettingsPickerView.swift; sourceTree = "<group>"; };
		0779934927B55380007B18DF /* AppState.swift */ = {isa = PBXFileReference; lastKnownFileType = sourcecode.swift; path = AppState.swift; sourceTree = "<group>"; };
		0779934C27B55CD4007B18DF /* Environment.swift */ = {isa = PBXFileReference; lastKnownFileType = sourcecode.swift; path = Environment.swift; sourceTree = "<group>"; };
		0779934E27B55DB7007B18DF /* Settings.swift */ = {isa = PBXFileReference; lastKnownFileType = sourcecode.swift; path = Settings.swift; sourceTree = "<group>"; };
		0779935227B56248007B18DF /* KeychainManager.swift */ = {isa = PBXFileReference; lastKnownFileType = sourcecode.swift; path = KeychainManager.swift; sourceTree = "<group>"; };
		0779935827B82961007B18DF /* BridgeTokenRequest.swift */ = {isa = PBXFileReference; lastKnownFileType = sourcecode.swift; path = BridgeTokenRequest.swift; sourceTree = "<group>"; };
		0779935A27B85878007B18DF /* Encodable+JSON.swift */ = {isa = PBXFileReference; lastKnownFileType = sourcecode.swift; path = "Encodable+JSON.swift"; sourceTree = "<group>"; };
		0779935C27B85F7B007B18DF /* NetworkService.swift */ = {isa = PBXFileReference; lastKnownFileType = sourcecode.swift; path = NetworkService.swift; sourceTree = "<group>"; };
		0779935F27B861E8007B18DF /* BridgeTokenResponse.swift */ = {isa = PBXFileReference; lastKnownFileType = sourcecode.swift; path = BridgeTokenResponse.swift; sourceTree = "<group>"; };
		0779936427BE65EF007B18DF /* TruvScriptMessageHandler.swift */ = {isa = PBXFileReference; lastKnownFileType = sourcecode.swift; path = TruvScriptMessageHandler.swift; sourceTree = "<group>"; };
		0779936627BE67E5007B18DF /* Notification+Additions.swift */ = {isa = PBXFileReference; lastKnownFileType = sourcecode.swift; path = "Notification+Additions.swift"; sourceTree = "<group>"; };
		2882A28F29A57DC1006DD1EE /* CreateUserRequest.swift */ = {isa = PBXFileReference; lastKnownFileType = sourcecode.swift; path = CreateUserRequest.swift; sourceTree = "<group>"; };
		2882A29129A57E0E006DD1EE /* CreateUserResponse.swift */ = {isa = PBXFileReference; lastKnownFileType = sourcecode.swift; path = CreateUserResponse.swift; sourceTree = "<group>"; };
		A721E1F62B7A9E7B00591E2F /* AddNewSettingView.swift */ = {isa = PBXFileReference; lastKnownFileType = sourcecode.swift; path = AddNewSettingView.swift; sourceTree = "<group>"; };
		A721E1F92B7AA22600591E2F /* SettingsHostingController.swift */ = {isa = PBXFileReference; lastKnownFileType = sourcecode.swift; path = SettingsHostingController.swift; sourceTree = "<group>"; };
		A721E1FB2B7AA60200591E2F /* AddNewSettingHostingController.swift */ = {isa = PBXFileReference; lastKnownFileType = sourcecode.swift; path = AddNewSettingHostingController.swift; sourceTree = "<group>"; };
		A721E1FD2B7AA60900591E2F /* AddNewSettingViewModel.swift */ = {isa = PBXFileReference; lastKnownFileType = sourcecode.swift; path = AddNewSettingViewModel.swift; sourceTree = "<group>"; };
		A721E2002B7ABB9400591E2F /* ProfileSelectionView.swift */ = {isa = PBXFileReference; lastKnownFileType = sourcecode.swift; path = ProfileSelectionView.swift; sourceTree = "<group>"; };
		A76C52022B7923FC00E50468 /* SettingsProfileSelectionView.swift */ = {isa = PBXFileReference; lastKnownFileType = sourcecode.swift; path = SettingsProfileSelectionView.swift; sourceTree = "<group>"; };
		A76C52042B792DEF00E50468 /* SettingsView.swift */ = {isa = PBXFileReference; lastKnownFileType = sourcecode.swift; path = SettingsView.swift; sourceTree = "<group>"; };
		A76C52072B792F1B00E50468 /* SettingsViewModel.swift */ = {isa = PBXFileReference; lastKnownFileType = sourcecode.swift; path = SettingsViewModel.swift; sourceTree = "<group>"; };
/* End PBXFileReference section */

/* Begin PBXFrameworksBuildPhase section */
		0731CBE8279DC3B700B1E531 /* Frameworks */ = {
			isa = PBXFrameworksBuildPhase;
			buildActionMask = 2147483647;
			files = (
				A780C0E82BE100C300D0B38B /* TruvSDK in Frameworks */,
				A7090D062B56DB4D003278BC /* TruvSDK in Frameworks */,
				A7304F2C2B3F6523003A6B85 /* TruvSDK in Frameworks */,
				A73B0C672BE53A860020CA0F /* TruvSDK in Frameworks */,
				A7E1327E2B5AF1050078C01E /* TruvSDK in Frameworks */,
				A7090D092B56E76D003278BC /* TruvSDK in Frameworks */,
				A7304F292B3F6426003A6B85 /* TruvSDK in Frameworks */,
			);
			runOnlyForDeploymentPostprocessing = 0;
		};
/* End PBXFrameworksBuildPhase section */

/* Begin PBXGroup section */
		0731CBE2279DC3B700B1E531 = {
			isa = PBXGroup;
			children = (
				0731CBED279DC3B700B1E531 /* TruvDemo */,
				0731CBEC279DC3B700B1E531 /* Products */,
			);
			sourceTree = "<group>";
		};
		0731CBEC279DC3B700B1E531 /* Products */ = {
			isa = PBXGroup;
			children = (
				0731CBEB279DC3B700B1E531 /* Truv Demo.app */,
			);
			name = Products;
			sourceTree = "<group>";
		};
		0731CBED279DC3B700B1E531 /* TruvDemo */ = {
			isa = PBXGroup;
			children = (
				0779931F27B1A61C007B18DF /* Classes */,
				0731CBF7279DC3B900B1E531 /* Assets.xcassets */,
				0731CBF9279DC3B900B1E531 /* LaunchScreen.storyboard */,
				0731CBFC279DC3B900B1E531 /* Info.plist */,
			);
			path = TruvDemo;
			sourceTree = "<group>";
		};
		0779931F27B1A61C007B18DF /* Classes */ = {
			isa = PBXGroup;
			children = (
				0779934727B5535B007B18DF /* Core */,
				0779932127B1A62B007B18DF /* UserStories */,
				0779932B27B1ACCC007B18DF /* Components */,
				0779932E27B1B05B007B18DF /* Models */,
				0779932827B1AA2C007B18DF /* Extension */,
				0779932027B1A627007B18DF /* Services */,
				0779934227B50233007B18DF /* Other */,
			);
			path = Classes;
			sourceTree = "<group>";
		};
		0779932027B1A627007B18DF /* Services */ = {
			isa = PBXGroup;
			children = (
				0779935E27B861D3007B18DF /* Network */,
				0779935227B56248007B18DF /* KeychainManager.swift */,
				0779936427BE65EF007B18DF /* TruvScriptMessageHandler.swift */,
			);
			path = Services;
			sourceTree = "<group>";
		};
		0779932127B1A62B007B18DF /* UserStories */ = {
			isa = PBXGroup;
			children = (
				A76C52012B7923E800E50468 /* Settings */,
				0779933727B2D550007B18DF /* Product */,
				0731CBF2279DC3B700B1E531 /* MainViewController.swift */,
				0779932427B1A6D1007B18DF /* ConsoleViewController.swift */,
				0779933C27B43147007B18DF /* EditSettingViewController.swift */,
			);
			path = UserStories;
			sourceTree = "<group>";
		};
		0779932827B1AA2C007B18DF /* Extension */ = {
			isa = PBXGroup;
			children = (
				0779932927B1AA3B007B18DF /* UIColor+Additions.swift */,
				0779933E27B459A1007B18DF /* UITapGestureRecognizer+Additions.swift */,
				0779935A27B85878007B18DF /* Encodable+JSON.swift */,
				0779936627BE67E5007B18DF /* Notification+Additions.swift */,
			);
			path = Extension;
			sourceTree = "<group>";
		};
		0779932B27B1ACCC007B18DF /* Components */ = {
			isa = PBXGroup;
			children = (
				0779934527B53598007B18DF /* SettingsPickerView.swift */,
				0779933527B2D340007B18DF /* SettingsCellViewModel.swift */,
				0779933327B2D165007B18DF /* MenuTableViewCell.swift */,
			);
			path = Components;
			sourceTree = "<group>";
		};
		0779932E27B1B05B007B18DF /* Models */ = {
			isa = PBXGroup;
			children = (
				0779932F27B1B068007B18DF /* ProductType.swift */,
				0779933127B1B1BD007B18DF /* Product.swift */,
				0779934027B45D9B007B18DF /* ProductSetting.swift */,
				0779934C27B55CD4007B18DF /* Environment.swift */,
				0779934E27B55DB7007B18DF /* Settings.swift */,
			);
			path = Models;
			sourceTree = "<group>";
		};
		0779933727B2D550007B18DF /* Product */ = {
			isa = PBXGroup;
			children = (
				0779932227B1A6C5007B18DF /* ProductViewController.swift */,
				0779933827B2D567007B18DF /* ProductViewModelsFactory.swift */,
			);
			path = Product;
			sourceTree = "<group>";
		};
		0779934227B50233007B18DF /* Other */ = {
			isa = PBXGroup;
			children = (
				0779934327B5023F007B18DF /* Strings.swift */,
			);
			path = Other;
			sourceTree = "<group>";
		};
		0779934727B5535B007B18DF /* Core */ = {
			isa = PBXGroup;
			children = (
				0731CBEE279DC3B700B1E531 /* AppDelegate.swift */,
				0731CBF0279DC3B700B1E531 /* SceneDelegate.swift */,
				0779934927B55380007B18DF /* AppState.swift */,
			);
			path = Core;
			sourceTree = "<group>";
		};
		0779935E27B861D3007B18DF /* Network */ = {
			isa = PBXGroup;
			children = (
				0779936127B861EA007B18DF /* Models */,
				0779935C27B85F7B007B18DF /* NetworkService.swift */,
			);
			path = Network;
			sourceTree = "<group>";
		};
		0779936127B861EA007B18DF /* Models */ = {
			isa = PBXGroup;
			children = (
				0779935827B82961007B18DF /* BridgeTokenRequest.swift */,
				0779935F27B861E8007B18DF /* BridgeTokenResponse.swift */,
				2882A28F29A57DC1006DD1EE /* CreateUserRequest.swift */,
				2882A29129A57E0E006DD1EE /* CreateUserResponse.swift */,
			);
			path = Models;
			sourceTree = "<group>";
		};
		A721E1F52B7A9E7100591E2F /* AddNewSetting */ = {
			isa = PBXGroup;
			children = (
				A721E1F62B7A9E7B00591E2F /* AddNewSettingView.swift */,
				A721E1FB2B7AA60200591E2F /* AddNewSettingHostingController.swift */,
				A721E1FD2B7AA60900591E2F /* AddNewSettingViewModel.swift */,
			);
			path = AddNewSetting;
			sourceTree = "<group>";
		};
		A721E1F82B7AA20A00591E2F /* MainScreen */ = {
			isa = PBXGroup;
			children = (
				A721E1FF2B7ABB8100591E2F /* Views */,
				A721E1F92B7AA22600591E2F /* SettingsHostingController.swift */,
				A76C52072B792F1B00E50468 /* SettingsViewModel.swift */,
				A76C52042B792DEF00E50468 /* SettingsView.swift */,
			);
			path = MainScreen;
			sourceTree = "<group>";
		};
		A721E1FF2B7ABB8100591E2F /* Views */ = {
			isa = PBXGroup;
			children = (
				A76C52022B7923FC00E50468 /* SettingsProfileSelectionView.swift */,
				A721E2002B7ABB9400591E2F /* ProfileSelectionView.swift */,
			);
			path = Views;
			sourceTree = "<group>";
		};
		A76C52012B7923E800E50468 /* Settings */ = {
			isa = PBXGroup;
			children = (
				A721E1F82B7AA20A00591E2F /* MainScreen */,
				A721E1F52B7A9E7100591E2F /* AddNewSetting */,
				0779932627B1A6DC007B18DF /* SettingsViewController.swift */,
			);
			path = Settings;
			sourceTree = "<group>";
		};
/* End PBXGroup section */

/* Begin PBXNativeTarget section */
		0731CBEA279DC3B700B1E531 /* Truv Demo */ = {
			isa = PBXNativeTarget;
			buildConfigurationList = 0731CBFF279DC3B900B1E531 /* Build configuration list for PBXNativeTarget "Truv Demo" */;
			buildPhases = (
				0731CBE7279DC3B700B1E531 /* Sources */,
				0731CBE8279DC3B700B1E531 /* Frameworks */,
				0731CBE9279DC3B700B1E531 /* Resources */,
			);
			buildRules = (
			);
			dependencies = (
			);
			name = "Truv Demo";
			packageProductDependencies = (
				A7304F282B3F6426003A6B85 /* TruvSDK */,
				A7304F2B2B3F6523003A6B85 /* TruvSDK */,
				A7090D052B56DB4D003278BC /* TruvSDK */,
				A7090D082B56E76D003278BC /* TruvSDK */,
				A7E1327D2B5AF1050078C01E /* TruvSDK */,
				A780C0E72BE100C300D0B38B /* TruvSDK */,
				A73B0C662BE53A860020CA0F /* TruvSDK */,
			);
			productName = TruvDemo;
			productReference = 0731CBEB279DC3B700B1E531 /* Truv Demo.app */;
			productType = "com.apple.product-type.application";
		};
/* End PBXNativeTarget section */

/* Begin PBXProject section */
		0731CBE3279DC3B700B1E531 /* Project object */ = {
			isa = PBXProject;
			attributes = {
				BuildIndependentTargetsInParallel = 1;
				LastSwiftUpdateCheck = 1320;
				LastUpgradeCheck = 1320;
				TargetAttributes = {
					0731CBEA279DC3B700B1E531 = {
						CreatedOnToolsVersion = 13.2.1;
					};
				};
			};
			buildConfigurationList = 0731CBE6279DC3B700B1E531 /* Build configuration list for PBXProject "TruvDemo" */;
			compatibilityVersion = "Xcode 13.0";
			developmentRegion = en;
			hasScannedForEncodings = 0;
			knownRegions = (
				en,
				Base,
			);
			mainGroup = 0731CBE2279DC3B700B1E531;
			packageReferences = (
				A73B0C652BE53A860020CA0F /* XCRemoteSwiftPackageReference "ios-sdk" */,
			);
			productRefGroup = 0731CBEC279DC3B700B1E531 /* Products */;
			projectDirPath = "";
			projectRoot = "";
			targets = (
				0731CBEA279DC3B700B1E531 /* Truv Demo */,
			);
		};
/* End PBXProject section */

/* Begin PBXResourcesBuildPhase section */
		0731CBE9279DC3B700B1E531 /* Resources */ = {
			isa = PBXResourcesBuildPhase;
			buildActionMask = 2147483647;
			files = (
				0731CBFB279DC3B900B1E531 /* LaunchScreen.storyboard in Resources */,
				0731CBF8279DC3B900B1E531 /* Assets.xcassets in Resources */,
			);
			runOnlyForDeploymentPostprocessing = 0;
		};
/* End PBXResourcesBuildPhase section */

/* Begin PBXSourcesBuildPhase section */
		0731CBE7279DC3B700B1E531 /* Sources */ = {
			isa = PBXSourcesBuildPhase;
			buildActionMask = 2147483647;
			files = (
				0731CBF3279DC3B700B1E531 /* MainViewController.swift in Sources */,
				A721E1FA2B7AA22600591E2F /* SettingsHostingController.swift in Sources */,
				0779936727BE67E5007B18DF /* Notification+Additions.swift in Sources */,
				0779935B27B85878007B18DF /* Encodable+JSON.swift in Sources */,
				A721E1FC2B7AA60200591E2F /* AddNewSettingHostingController.swift in Sources */,
				0779933D27B43147007B18DF /* EditSettingViewController.swift in Sources */,
				2882A29229A57E0E006DD1EE /* CreateUserResponse.swift in Sources */,
				0779934427B5023F007B18DF /* Strings.swift in Sources */,
				0779935927B82961007B18DF /* BridgeTokenRequest.swift in Sources */,
				A721E1F72B7A9E7B00591E2F /* AddNewSettingView.swift in Sources */,
				0779934A27B55380007B18DF /* AppState.swift in Sources */,
				A76C52032B7923FC00E50468 /* SettingsProfileSelectionView.swift in Sources */,
				A721E1FE2B7AA60900591E2F /* AddNewSettingViewModel.swift in Sources */,
				0731CBEF279DC3B700B1E531 /* AppDelegate.swift in Sources */,
				0779933027B1B068007B18DF /* ProductType.swift in Sources */,
				0779932327B1A6C5007B18DF /* ProductViewController.swift in Sources */,
				A721E2012B7ABB9400591E2F /* ProfileSelectionView.swift in Sources */,
				0779933F27B459A1007B18DF /* UITapGestureRecognizer+Additions.swift in Sources */,
				0779934127B45D9B007B18DF /* ProductSetting.swift in Sources */,
				0779932527B1A6D1007B18DF /* ConsoleViewController.swift in Sources */,
				A76C52082B792F1B00E50468 /* SettingsViewModel.swift in Sources */,
				0779936027B861E8007B18DF /* BridgeTokenResponse.swift in Sources */,
				0731CBF1279DC3B700B1E531 /* SceneDelegate.swift in Sources */,
				0779933627B2D340007B18DF /* SettingsCellViewModel.swift in Sources */,
				0779933227B1B1BD007B18DF /* Product.swift in Sources */,
				0779932727B1A6DC007B18DF /* SettingsViewController.swift in Sources */,
				0779934F27B55DB7007B18DF /* Settings.swift in Sources */,
				0779933927B2D567007B18DF /* ProductViewModelsFactory.swift in Sources */,
				0779935327B56248007B18DF /* KeychainManager.swift in Sources */,
				0779934D27B55CD4007B18DF /* Environment.swift in Sources */,
				0779932A27B1AA3B007B18DF /* UIColor+Additions.swift in Sources */,
				0779933427B2D165007B18DF /* MenuTableViewCell.swift in Sources */,
				2882A29029A57DC1006DD1EE /* CreateUserRequest.swift in Sources */,
				0779935D27B85F7B007B18DF /* NetworkService.swift in Sources */,
				0779936527BE65EF007B18DF /* TruvScriptMessageHandler.swift in Sources */,
				A76C52052B792DEF00E50468 /* SettingsView.swift in Sources */,
				0779934627B53598007B18DF /* SettingsPickerView.swift in Sources */,
			);
			runOnlyForDeploymentPostprocessing = 0;
		};
/* End PBXSourcesBuildPhase section */

/* Begin PBXVariantGroup section */
		0731CBF9279DC3B900B1E531 /* LaunchScreen.storyboard */ = {
			isa = PBXVariantGroup;
			children = (
				0731CBFA279DC3B900B1E531 /* Base */,
			);
			name = LaunchScreen.storyboard;
			sourceTree = "<group>";
		};
/* End PBXVariantGroup section */

/* Begin XCBuildConfiguration section */
		0731CBFD279DC3B900B1E531 /* Debug */ = {
			isa = XCBuildConfiguration;
			buildSettings = {
				ALWAYS_SEARCH_USER_PATHS = NO;
				CLANG_ANALYZER_NONNULL = YES;
				CLANG_ANALYZER_NUMBER_OBJECT_CONVERSION = YES_AGGRESSIVE;
				CLANG_CXX_LANGUAGE_STANDARD = "gnu++17";
				CLANG_CXX_LIBRARY = "libc++";
				CLANG_ENABLE_MODULES = YES;
				CLANG_ENABLE_OBJC_ARC = YES;
				CLANG_ENABLE_OBJC_WEAK = YES;
				CLANG_WARN_BLOCK_CAPTURE_AUTORELEASING = YES;
				CLANG_WARN_BOOL_CONVERSION = YES;
				CLANG_WARN_COMMA = YES;
				CLANG_WARN_CONSTANT_CONVERSION = YES;
				CLANG_WARN_DEPRECATED_OBJC_IMPLEMENTATIONS = YES;
				CLANG_WARN_DIRECT_OBJC_ISA_USAGE = YES_ERROR;
				CLANG_WARN_DOCUMENTATION_COMMENTS = YES;
				CLANG_WARN_EMPTY_BODY = YES;
				CLANG_WARN_ENUM_CONVERSION = YES;
				CLANG_WARN_INFINITE_RECURSION = YES;
				CLANG_WARN_INT_CONVERSION = YES;
				CLANG_WARN_NON_LITERAL_NULL_CONVERSION = YES;
				CLANG_WARN_OBJC_IMPLICIT_RETAIN_SELF = YES;
				CLANG_WARN_OBJC_LITERAL_CONVERSION = YES;
				CLANG_WARN_OBJC_ROOT_CLASS = YES_ERROR;
				CLANG_WARN_QUOTED_INCLUDE_IN_FRAMEWORK_HEADER = YES;
				CLANG_WARN_RANGE_LOOP_ANALYSIS = YES;
				CLANG_WARN_STRICT_PROTOTYPES = YES;
				CLANG_WARN_SUSPICIOUS_MOVE = YES;
				CLANG_WARN_UNGUARDED_AVAILABILITY = YES_AGGRESSIVE;
				CLANG_WARN_UNREACHABLE_CODE = YES;
				CLANG_WARN__DUPLICATE_METHOD_MATCH = YES;
				COPY_PHASE_STRIP = NO;
				DEBUG_INFORMATION_FORMAT = dwarf;
				ENABLE_STRICT_OBJC_MSGSEND = YES;
				ENABLE_TESTABILITY = YES;
				GCC_C_LANGUAGE_STANDARD = gnu11;
				GCC_DYNAMIC_NO_PIC = NO;
				GCC_NO_COMMON_BLOCKS = YES;
				GCC_OPTIMIZATION_LEVEL = 0;
				GCC_PREPROCESSOR_DEFINITIONS = (
					"DEBUG=1",
					"$(inherited)",
				);
				GCC_WARN_64_TO_32_BIT_CONVERSION = YES;
				GCC_WARN_ABOUT_RETURN_TYPE = YES_ERROR;
				GCC_WARN_UNDECLARED_SELECTOR = YES;
				GCC_WARN_UNINITIALIZED_AUTOS = YES_AGGRESSIVE;
				GCC_WARN_UNUSED_FUNCTION = YES;
				GCC_WARN_UNUSED_VARIABLE = YES;
				IPHONEOS_DEPLOYMENT_TARGET = 15.2;
				MTL_ENABLE_DEBUG_INFO = INCLUDE_SOURCE;
				MTL_FAST_MATH = YES;
				ONLY_ACTIVE_ARCH = YES;
				SDKROOT = iphoneos;
				SWIFT_ACTIVE_COMPILATION_CONDITIONS = DEBUG;
				SWIFT_OPTIMIZATION_LEVEL = "-Onone";
			};
			name = Debug;
		};
		0731CBFE279DC3B900B1E531 /* Release */ = {
			isa = XCBuildConfiguration;
			buildSettings = {
				ALWAYS_SEARCH_USER_PATHS = NO;
				CLANG_ANALYZER_NONNULL = YES;
				CLANG_ANALYZER_NUMBER_OBJECT_CONVERSION = YES_AGGRESSIVE;
				CLANG_CXX_LANGUAGE_STANDARD = "gnu++17";
				CLANG_CXX_LIBRARY = "libc++";
				CLANG_ENABLE_MODULES = YES;
				CLANG_ENABLE_OBJC_ARC = YES;
				CLANG_ENABLE_OBJC_WEAK = YES;
				CLANG_WARN_BLOCK_CAPTURE_AUTORELEASING = YES;
				CLANG_WARN_BOOL_CONVERSION = YES;
				CLANG_WARN_COMMA = YES;
				CLANG_WARN_CONSTANT_CONVERSION = YES;
				CLANG_WARN_DEPRECATED_OBJC_IMPLEMENTATIONS = YES;
				CLANG_WARN_DIRECT_OBJC_ISA_USAGE = YES_ERROR;
				CLANG_WARN_DOCUMENTATION_COMMENTS = YES;
				CLANG_WARN_EMPTY_BODY = YES;
				CLANG_WARN_ENUM_CONVERSION = YES;
				CLANG_WARN_INFINITE_RECURSION = YES;
				CLANG_WARN_INT_CONVERSION = YES;
				CLANG_WARN_NON_LITERAL_NULL_CONVERSION = YES;
				CLANG_WARN_OBJC_IMPLICIT_RETAIN_SELF = YES;
				CLANG_WARN_OBJC_LITERAL_CONVERSION = YES;
				CLANG_WARN_OBJC_ROOT_CLASS = YES_ERROR;
				CLANG_WARN_QUOTED_INCLUDE_IN_FRAMEWORK_HEADER = YES;
				CLANG_WARN_RANGE_LOOP_ANALYSIS = YES;
				CLANG_WARN_STRICT_PROTOTYPES = YES;
				CLANG_WARN_SUSPICIOUS_MOVE = YES;
				CLANG_WARN_UNGUARDED_AVAILABILITY = YES_AGGRESSIVE;
				CLANG_WARN_UNREACHABLE_CODE = YES;
				CLANG_WARN__DUPLICATE_METHOD_MATCH = YES;
				COPY_PHASE_STRIP = NO;
				DEBUG_INFORMATION_FORMAT = "dwarf-with-dsym";
				ENABLE_NS_ASSERTIONS = NO;
				ENABLE_STRICT_OBJC_MSGSEND = YES;
				GCC_C_LANGUAGE_STANDARD = gnu11;
				GCC_NO_COMMON_BLOCKS = YES;
				GCC_WARN_64_TO_32_BIT_CONVERSION = YES;
				GCC_WARN_ABOUT_RETURN_TYPE = YES_ERROR;
				GCC_WARN_UNDECLARED_SELECTOR = YES;
				GCC_WARN_UNINITIALIZED_AUTOS = YES_AGGRESSIVE;
				GCC_WARN_UNUSED_FUNCTION = YES;
				GCC_WARN_UNUSED_VARIABLE = YES;
				IPHONEOS_DEPLOYMENT_TARGET = 15.2;
				MTL_ENABLE_DEBUG_INFO = NO;
				MTL_FAST_MATH = YES;
				SDKROOT = iphoneos;
				SWIFT_COMPILATION_MODE = wholemodule;
				SWIFT_OPTIMIZATION_LEVEL = "-O";
				VALIDATE_PRODUCT = YES;
			};
			name = Release;
		};
		0731CC00279DC3B900B1E531 /* Debug */ = {
			isa = XCBuildConfiguration;
			buildSettings = {
				ASSETCATALOG_COMPILER_APPICON_NAME = AppIcon;
				ASSETCATALOG_COMPILER_GLOBAL_ACCENT_COLOR_NAME = AccentColor;
				CODE_SIGN_STYLE = Automatic;
				CURRENT_PROJECT_VERSION = 5;
				DEVELOPMENT_TEAM = 3HHM2RZ73P;
				GENERATE_INFOPLIST_FILE = YES;
				INFOPLIST_FILE = TruvDemo/Info.plist;
				INFOPLIST_KEY_UIApplicationSupportsIndirectInputEvents = YES;
				INFOPLIST_KEY_UILaunchStoryboardName = LaunchScreen;
				INFOPLIST_KEY_UISupportedInterfaceOrientations_iPad = "UIInterfaceOrientationPortrait UIInterfaceOrientationPortraitUpsideDown UIInterfaceOrientationLandscapeLeft UIInterfaceOrientationLandscapeRight";
				INFOPLIST_KEY_UISupportedInterfaceOrientations_iPhone = "UIInterfaceOrientationPortrait UIInterfaceOrientationLandscapeLeft UIInterfaceOrientationLandscapeRight";
				IPHONEOS_DEPLOYMENT_TARGET = 14.0;
				LD_RUNPATH_SEARCH_PATHS = (
					"$(inherited)",
					"@executable_path/Frameworks",
				);
				MARKETING_VERSION = 1.6.0;
				PRODUCT_BUNDLE_IDENTIFIER = com.Truv.TruvDemoIOS;
				PRODUCT_NAME = "$(TARGET_NAME)";
				SWIFT_EMIT_LOC_STRINGS = YES;
				SWIFT_VERSION = 5.0;
				TARGETED_DEVICE_FAMILY = "1,2";
			};
			name = Debug;
		};
		0731CC01279DC3B900B1E531 /* Release */ = {
			isa = XCBuildConfiguration;
			buildSettings = {
				ASSETCATALOG_COMPILER_APPICON_NAME = AppIcon;
				ASSETCATALOG_COMPILER_GLOBAL_ACCENT_COLOR_NAME = AccentColor;
				CODE_SIGN_STYLE = Automatic;
				CURRENT_PROJECT_VERSION = 5;
				DEVELOPMENT_TEAM = 3HHM2RZ73P;
				GENERATE_INFOPLIST_FILE = YES;
				INFOPLIST_FILE = TruvDemo/Info.plist;
				INFOPLIST_KEY_UIApplicationSupportsIndirectInputEvents = YES;
				INFOPLIST_KEY_UILaunchStoryboardName = LaunchScreen;
				INFOPLIST_KEY_UISupportedInterfaceOrientations_iPad = "UIInterfaceOrientationPortrait UIInterfaceOrientationPortraitUpsideDown UIInterfaceOrientationLandscapeLeft UIInterfaceOrientationLandscapeRight";
				INFOPLIST_KEY_UISupportedInterfaceOrientations_iPhone = "UIInterfaceOrientationPortrait UIInterfaceOrientationLandscapeLeft UIInterfaceOrientationLandscapeRight";
				IPHONEOS_DEPLOYMENT_TARGET = 14.0;
				LD_RUNPATH_SEARCH_PATHS = (
					"$(inherited)",
					"@executable_path/Frameworks",
				);
				MARKETING_VERSION = 1.6.0;
				PRODUCT_BUNDLE_IDENTIFIER = com.Truv.TruvDemoIOS;
				PRODUCT_NAME = "$(TARGET_NAME)";
				SWIFT_EMIT_LOC_STRINGS = YES;
				SWIFT_VERSION = 5.0;
				TARGETED_DEVICE_FAMILY = "1,2";
			};
			name = Release;
		};
/* End XCBuildConfiguration section */

/* Begin XCConfigurationList section */
		0731CBE6279DC3B700B1E531 /* Build configuration list for PBXProject "TruvDemo" */ = {
			isa = XCConfigurationList;
			buildConfigurations = (
				0731CBFD279DC3B900B1E531 /* Debug */,
				0731CBFE279DC3B900B1E531 /* Release */,
			);
			defaultConfigurationIsVisible = 0;
			defaultConfigurationName = Release;
		};
		0731CBFF279DC3B900B1E531 /* Build configuration list for PBXNativeTarget "Truv Demo" */ = {
			isa = XCConfigurationList;
			buildConfigurations = (
				0731CC00279DC3B900B1E531 /* Debug */,
				0731CC01279DC3B900B1E531 /* Release */,
			);
			defaultConfigurationIsVisible = 0;
			defaultConfigurationName = Release;
		};
/* End XCConfigurationList section */

/* Begin XCRemoteSwiftPackageReference section */
		A73B0C652BE53A860020CA0F /* XCRemoteSwiftPackageReference "ios-sdk" */ = {
			isa = XCRemoteSwiftPackageReference;
			repositoryURL = "https://github.com/truvhq/ios-sdk";
			requirement = {
				branch = "release-1.6.0";
				kind = branch;
			};
		};
/* End XCRemoteSwiftPackageReference section */

/* Begin XCSwiftPackageProductDependency section */
		A7090D052B56DB4D003278BC /* TruvSDK */ = {
			isa = XCSwiftPackageProductDependency;
			productName = TruvSDK;
		};
		A7090D082B56E76D003278BC /* TruvSDK */ = {
			isa = XCSwiftPackageProductDependency;
			productName = TruvSDK;
		};
		A7304F282B3F6426003A6B85 /* TruvSDK */ = {
			isa = XCSwiftPackageProductDependency;
			productName = TruvSDK;
		};
		A7304F2B2B3F6523003A6B85 /* TruvSDK */ = {
			isa = XCSwiftPackageProductDependency;
			productName = TruvSDK;
		};
		A73B0C662BE53A860020CA0F /* TruvSDK */ = {
			isa = XCSwiftPackageProductDependency;
			package = A73B0C652BE53A860020CA0F /* XCRemoteSwiftPackageReference "ios-sdk" */;
			productName = TruvSDK;
		};
		A780C0E72BE100C300D0B38B /* TruvSDK */ = {
			isa = XCSwiftPackageProductDependency;
			productName = TruvSDK;
		};
		A7E1327D2B5AF1050078C01E /* TruvSDK */ = {
			isa = XCSwiftPackageProductDependency;
			productName = TruvSDK;
		};
/* End XCSwiftPackageProductDependency section */
	};
	rootObject = 0731CBE3279DC3B700B1E531 /* Project object */;
}
