{
  "originHash" : "08e63fc88c345c663c3e0c07b6d6cccaea4c020e45b2bd4d9077296277891517",
  "pins" : [
    {
      "identity" : "ios-sdk",
      "kind" : "remoteSourceControl",
      "location" : "https://github.com/truvhq/ios-sdk",
      "state" : {
        "revision" : "1273615ca1c2923015cb4017b57d9ba5a5aa5e29",
        "version" : "1.2.5"
      }
    }
  ],
  "version" : 3
}
