{
  "originHash" : "08e63fc88c345c663c3e0c07b6d6cccaea4c020e45b2bd4d9077296277891517",
  "pins" : [
    {
      "identity" : "ios-sdk",
      "kind" : "remoteSourceControl",
      "location" : "https://github.com/truvhq/ios-sdk",
      "state" : {
        "revision" : "91074669a16c660a8e0a77ba8faa5b9339f20782",
        "version" : "1.5.1"
      }
    }
  ],
  "version" : 3
}
