{
  "originHash" : "08e63fc88c345c663c3e0c07b6d6cccaea4c020e45b2bd4d9077296277891517",
  "pins" : [
    {
      "identity" : "ios-sdk",
      "kind" : "remoteSourceControl",
      "location" : "https://github.com/truvhq/ios-sdk",
      "state" : {
        "branch" : "release/1.7.0",
        "revision" : "e0effa0b4e897caa3a0c45f069998e3853a0c8c9"
      }
    }
  ],
  "version" : 3
}
